
Microsoft Visual Studio Solution File, Format Version 12.00
# Visual Studio Version 16
VisualStudioVersion = 16.0.29709.97
MinimumVisualStudioVersion = 10.0.40219.1
Project("{FAE04EC0-301F-11D3-BF4B-00C04F79EFBC}") = "CarShopGUI", "CarShopGUI\CarShopGUI.csproj", "{2C7B78A6-34CA-4217-A49F-3135D4D90C48}"
EndProject
Project("{9A19103F-16F7-4668-BE54-9A1E7A4F7556}") = "CarLibrary", "CarLibrary\CarLibrary.csproj", "{B0AB5C87-BEA6-4C3D-B958-289C2982B056}"
EndProject
Global
	GlobalSection(SolutionConfigurationPlatforms) = preSolution
		Debug|Any CPU = Debug|Any CPU
		Release|Any CPU = Release|Any CPU
	EndGlobalSection
	GlobalSection(ProjectConfigurationPlatforms) = postSolution
		{2C7B78A6-34CA-4217-A49F-3135D4D90C48}.Debug|Any CPU.ActiveCfg = Debug|Any CPU
		{2C7B78A6-34CA-4217-A49F-3135D4D90C48}.Debug|Any CPU.Build.0 = Debug|Any CPU
		{2C7B78A6-34CA-4217-A49F-3135D4D90C48}.Release|Any CPU.ActiveCfg = Release|Any CPU
		{2C7B78A6-34CA-4217-A49F-3135D4D90C48}.Release|Any CPU.Build.0 = Release|Any CPU
		{B0AB5C87-BEA6-4C3D-B958-289C2982B056}.Debug|Any CPU.ActiveCfg = Debug|Any CPU
		{B0AB5C87-BEA6-4C3D-B958-289C2982B056}.Debug|Any CPU.Build.0 = Debug|Any CPU
		{B0AB5C87-BEA6-4C3D-B958-289C2982B056}.Release|Any CPU.ActiveCfg = Release|Any CPU
		{B0AB5C87-BEA6-4C3D-B958-289C2982B056}.Release|Any CPU.Build.0 = Release|Any CPU
	EndGlobalSection
	GlobalSection(SolutionProperties) = preSolution
		HideSolutionNode = FALSE
	EndGlobalSection
	GlobalSection(ExtensibilityGlobals) = postSolution
		SolutionGuid = {113730A9-B264-4C70-BDD0-F2D5C3C589FE}
	EndGlobalSection
EndGlobal
